
Microsoft Visual Studio Solution File, Format Version 12.00
# Visual Studio 15
VisualStudioVersion = 15.0.28307.902
MinimumVisualStudioVersion = 10.0.40219.1
Project("{FAE04EC0-301F-11D3-BF4B-00C04F79EFBC}") = "WpfApp1", "WpfApp1\WpfApp1.csproj", "{DD390A0D-B8D7-4FA2-AF45-1F2197663942}"
EndProject
Global
	GlobalSection(SolutionConfigurationPlatforms) = preSolution
		Debug|Any CPU = Debug|Any CPU
		Release|Any CPU = Release|Any CPU
	EndGlobalSection
	GlobalSection(ProjectConfigurationPlatforms) = postSolution
		{DD390A0D-B8D7-4FA2-AF45-1F2197663942}.Debug|Any CPU.ActiveCfg = Debug|Any CPU
		{DD390A0D-B8D7-4FA2-AF45-1F2197663942}.Debug|Any CPU.Build.0 = Debug|Any CPU
		{DD390A0D-B8D7-4FA2-AF45-1F2197663942}.Release|Any CPU.ActiveCfg = Release|Any CPU
		{DD390A0D-B8D7-4FA2-AF45-1F2197663942}.Release|Any CPU.Build.0 = Release|Any CPU
	EndGlobalSection
	GlobalSection(SolutionProperties) = preSolution
		HideSolutionNode = FALSE
	EndGlobalSection
	GlobalSection(ExtensibilityGlobals) = postSolution
		SolutionGuid = {7B99313C-8778-46D6-B86B-94A08FFF1F3B}
	EndGlobalSection
EndGlobal
