
Microsoft Visual Studio Solution File, Format Version 12.00
# Visual Studio Version 16
VisualStudioVersion = 16.0.29613.14
MinimumVisualStudioVersion = 10.0.40219.1
Project("{2150E333-8FDC-42A3-9474-1A3956D46DE8}") = "Tests", "Tests", "{059817E6-3C14-4EC1-A439-5992A7431E77}"
EndProject
Project("{2150E333-8FDC-42A3-9474-1A3956D46DE8}") = "Projects", "Projects", "{D4C09AC9-1138-4AFC-8059-90B301B4C2E9}"
EndProject
Project("{2150E333-8FDC-42A3-9474-1A3956D46DE8}") = "Installer", "Installer", "{B391FA4D-9261-443E-B0A4-0AC7B7DFB426}"
EndProject
Project("{2150E333-8FDC-42A3-9474-1A3956D46DE8}") = "Documents", "Documents", "{1367BCAA-8F77-456A-80E8-C014CC50C241}"
EndProject
Project("{FAE04EC0-301F-11D3-BF4B-00C04F79EFBC}") = "UI.Views", "UI.Views\UI.Views.csproj", "{27279CD7-50DF-4783-923C-CA5C63FAF6CF}"
EndProject
Project("{FAE04EC0-301F-11D3-BF4B-00C04F79EFBC}") = "UI.ViewModels", "UI.ViewModels\UI.ViewModels.csproj", "{422A960E-328D-4DB5-8A1F-363556CE840B}"
EndProject
Project("{FAE04EC0-301F-11D3-BF4B-00C04F79EFBC}") = "UI.Models", "UI.Models\UI.Models.csproj", "{856342A7-DEDA-442C-BB01-7B87E64844EC}"
EndProject
Global
	GlobalSection(SolutionConfigurationPlatforms) = preSolution
		Debug|Any CPU = Debug|Any CPU
		Release|Any CPU = Release|Any CPU
	EndGlobalSection
	GlobalSection(ProjectConfigurationPlatforms) = postSolution
		{27279CD7-50DF-4783-923C-CA5C63FAF6CF}.Debug|Any CPU.ActiveCfg = Debug|Any CPU
		{27279CD7-50DF-4783-923C-CA5C63FAF6CF}.Debug|Any CPU.Build.0 = Debug|Any CPU
		{27279CD7-50DF-4783-923C-CA5C63FAF6CF}.Release|Any CPU.ActiveCfg = Release|Any CPU
		{27279CD7-50DF-4783-923C-CA5C63FAF6CF}.Release|Any CPU.Build.0 = Release|Any CPU
		{422A960E-328D-4DB5-8A1F-363556CE840B}.Debug|Any CPU.ActiveCfg = Debug|Any CPU
		{422A960E-328D-4DB5-8A1F-363556CE840B}.Debug|Any CPU.Build.0 = Debug|Any CPU
		{422A960E-328D-4DB5-8A1F-363556CE840B}.Release|Any CPU.ActiveCfg = Release|Any CPU
		{422A960E-328D-4DB5-8A1F-363556CE840B}.Release|Any CPU.Build.0 = Release|Any CPU
		{856342A7-DEDA-442C-BB01-7B87E64844EC}.Debug|Any CPU.ActiveCfg = Debug|Any CPU
		{856342A7-DEDA-442C-BB01-7B87E64844EC}.Debug|Any CPU.Build.0 = Debug|Any CPU
		{856342A7-DEDA-442C-BB01-7B87E64844EC}.Release|Any CPU.ActiveCfg = Release|Any CPU
		{856342A7-DEDA-442C-BB01-7B87E64844EC}.Release|Any CPU.Build.0 = Release|Any CPU
	EndGlobalSection
	GlobalSection(SolutionProperties) = preSolution
		HideSolutionNode = FALSE
	EndGlobalSection
	GlobalSection(NestedProjects) = preSolution
		{27279CD7-50DF-4783-923C-CA5C63FAF6CF} = {D4C09AC9-1138-4AFC-8059-90B301B4C2E9}
		{422A960E-328D-4DB5-8A1F-363556CE840B} = {D4C09AC9-1138-4AFC-8059-90B301B4C2E9}
		{856342A7-DEDA-442C-BB01-7B87E64844EC} = {D4C09AC9-1138-4AFC-8059-90B301B4C2E9}
	EndGlobalSection
	GlobalSection(ExtensibilityGlobals) = postSolution
		SolutionGuid = {7B99313C-8778-46D6-B86B-94A08FFF1F3B}
	EndGlobalSection
EndGlobal
